
Microsoft Visual Studio Solution File, Format Version 12.00
Project("{FAE04EC0-301F-11D3-BF4B-00C04F79EFBC}") = "App", "App\App.csproj", "{50B98F4F-9C18-4125-931C-693313390D0A}"
EndProject
Project("{FAE04EC0-301F-11D3-BF4B-00C04F79EFBC}") = "Tests", "Tests\Tests.csproj", "{54864010-A986-47B2-A7D7-390D1AA66E9F}"
EndProject
Global
	GlobalSection(SolutionConfigurationPlatforms) = preSolution
		Debug|Any CPU = Debug|Any CPU
		Release|Any CPU = Release|Any CPU
	EndGlobalSection
	GlobalSection(ProjectConfigurationPlatforms) = postSolution
		{50B98F4F-9C18-4125-931C-693313390D0A}.Debug|Any CPU.ActiveCfg = Debug|Any CPU
		{50B98F4F-9C18-4125-931C-693313390D0A}.Debug|Any CPU.Build.0 = Debug|Any CPU
		{50B98F4F-9C18-4125-931C-693313390D0A}.Release|Any CPU.ActiveCfg = Release|Any CPU
		{50B98F4F-9C18-4125-931C-693313390D0A}.Release|Any CPU.Build.0 = Release|Any CPU
		{54864010-A986-47B2-A7D7-390D1AA66E9F}.Debug|Any CPU.ActiveCfg = Debug|Any CPU
		{54864010-A986-47B2-A7D7-390D1AA66E9F}.Debug|Any CPU.Build.0 = Debug|Any CPU
		{54864010-A986-47B2-A7D7-390D1AA66E9F}.Release|Any CPU.ActiveCfg = Release|Any CPU
		{54864010-A986-47B2-A7D7-390D1AA66E9F}.Release|Any CPU.Build.0 = Release|Any CPU
	EndGlobalSection
EndGlobal
